
Microsoft Visual Studio Solution File, Format Version 12.00
# Visual Studio Version 16
VisualStudioVersion = 16.0.31112.23
MinimumVisualStudioVersion = 10.0.40219.1
Project("{FAE04EC0-301F-11D3-BF4B-00C04F79EFBC}") = "Weather_xml", "Weather_xml.csproj", "{DE89B9DB-0B7A-4C8C-9F45-113F2B1386FB}"
EndProject
Global
	GlobalSection(SolutionConfigurationPlatforms) = preSolution
		Debug|Any CPU = Debug|Any CPU
		Release|Any CPU = Release|Any CPU
	EndGlobalSection
	GlobalSection(ProjectConfigurationPlatforms) = postSolution
		{DE89B9DB-0B7A-4C8C-9F45-113F2B1386FB}.Debug|Any CPU.ActiveCfg = Debug|Any CPU
		{DE89B9DB-0B7A-4C8C-9F45-113F2B1386FB}.Debug|Any CPU.Build.0 = Debug|Any CPU
		{DE89B9DB-0B7A-4C8C-9F45-113F2B1386FB}.Release|Any CPU.ActiveCfg = Release|Any CPU
		{DE89B9DB-0B7A-4C8C-9F45-113F2B1386FB}.Release|Any CPU.Build.0 = Release|Any CPU
	EndGlobalSection
	GlobalSection(SolutionProperties) = preSolution
		HideSolutionNode = FALSE
	EndGlobalSection
	GlobalSection(ExtensibilityGlobals) = postSolution
		SolutionGuid = {A51A069A-C25B-409B-82E3-9FE50A876635}
	EndGlobalSection
EndGlobal
